{
  "name": "vybriz",
  "lockfileVersion": 3,
  "requires": true,
  "packages": {
    "": {
      "dependencies": {
        "nette-forms": "^3.3.2"
      }
    },
    "node_modules/nette-forms": {
      "version": "3.3.2",
      "resolved": "https://registry.npmjs.org/nette-forms/-/nette-forms-3.3.2.tgz",
      "integrity": "sha512-KPV3byXdJqctcH7Pji7er6v7/vEiRPi+91flGR2hqGvhq3Q+vy4N+yzPI59ZXqF8bbXbxl8QP7bz2qsG+ZTSIw=="
    }
  }
}
